{
  "name": "steam-charts-cli",
  "version": "0.1.0",
  "lockfileVersion": 3,
  "requires": true,
  "packages": {
    "": {
      "name": "steam-charts-cli",
      "version": "0.1.0",
      "license": "MIT",
      "dependencies": {
        "@bsull/augurs": "^0.10.2",
        "@bsull/augurs-prophet-wasmstan": "^0.2.0"
      },
      "bin": {
        "steam-charts": "bin/steam-charts.js"
      },
      "engines": {
        "node": ">=20"
      }
    },
    "node_modules/@bsull/augurs": {
      "version": "0.10.2",
      "resolved": "https://registry.npmjs.org/@bsull/augurs/-/augurs-0.10.2.tgz",
      "integrity": "sha512-kcla1tqrMNeE6+1hoInfxgFyLOyzMT2zTy6fwsh6Rji7OJdxVlP2mPzZPZgmd92vOcG46VVBcyptU/y2YYcKpw==",
      "license": "MIT OR Apache-2.0"
    },
    "node_modules/@bsull/augurs-prophet-wasmstan": {
      "version": "0.2.0",
      "resolved": "https://registry.npmjs.org/@bsull/augurs-prophet-wasmstan/-/augurs-prophet-wasmstan-0.2.0.tgz",
      "integrity": "sha512-m+659rLEsPI7mVzIQP1md4aZMGVbMwfrP2qQ5NtGXKMrp4DRtcYaCYglttV6TAtLVj/1q4a4VoGAvmZ/I+yzZw==",
      "license": "(MIT OR Apache-2.0)",
      "dependencies": {
        "@bytecodealliance/preview2-shim": "^0.17.0"
      }
    },
    "node_modules/@bytecodealliance/preview2-shim": {
      "version": "0.17.8",
      "resolved": "https://registry.npmjs.org/@bytecodealliance/preview2-shim/-/preview2-shim-0.17.8.tgz",
      "integrity": "sha512-wS5kg8u0KCML1UeHQPJ1IuOI24x/XLentCzsqPER1+gDNC5Cz2hG4G2blLOZap+3CEGhIhnJ9mmZYj6a2W0Lww==",
      "license": "(Apache-2.0 WITH LLVM-exception)"
    }
  }
}
